{
  "requires": true,
  "lockfileVersion": 1,
  "dependencies": {
    "@patternfly/patternfly": {
      "version": "4.80.3",
      "resolved": "https://registry.npmjs.org/@patternfly/patternfly/-/patternfly-4.80.3.tgz",
      "integrity": "sha512-YLUk4L6iCBXql92YP6zHg0FdlnEkd5/3V+uz/A3UoBuuDdEoyDpx4M/Tf56R7IXmYiRaHE1mToJHPDYypIlnmw=="
    }
  }
}
