{
  "requires": true,
  "lockfileVersion": 1,
  "dependencies": {
    "@patternfly/patternfly": {
      "version": "2.71.3",
      "resolved": "https://registry.npmjs.org/@patternfly/patternfly/-/patternfly-2.71.3.tgz",
      "integrity": "sha512-uTb9zAtPjTKB8aHmWdavEOrSMs+NL9XovMvWYL9R74zXbGnEMHEpibn7cNSu469u2JrxY6VsH7x44aOfdZpqpg=="
    },
    "@popperjs/core": {
      "version": "2.1.1",
      "resolved": "https://registry.npmjs.org/@popperjs/core/-/core-2.1.1.tgz",
      "integrity": "sha512-sLqWxCzC5/QHLhziXSCAksBxHfOnQlhPRVgPK0egEw+ktWvG75T2k+aYWVjVh9+WKeT3tlG3ZNbZQvZLmfuOIw=="
    }
  }
}
